<?xml version="1.0" encoding="utf-8"?>
<Project ToolsVersion="4.0" xmlns="http://schemas.microsoft.com/developer/msbuild/2003">
  <ItemGroup>
    <Filter Include="PlatForm">
      <UniqueIdentifier>{0A3B77B4-F607-D2BF-1F21-C0670B4D074E}</UniqueIdentifier>
    </Filter>
    <Filter Include="SandTable">
      <UniqueIdentifier>{53BB573E-BF25-0CB5-0864-BD5A740DEA09}</UniqueIdentifier>
    </Filter>
    <Filter Include="SandTable\Core">
      <UniqueIdentifier>{8BEB79C6-77B9-6DCC-604D-DEF24CBA4931}</UniqueIdentifier>
    </Filter>
    <Filter Include="SandTable\Events">
      <UniqueIdentifier>{D70BC551-C304-E4A3-EC36-C928D88EC3AF}</UniqueIdentifier>
    </Filter>
  </ItemGroup>
  <ItemGroup>
    <ClInclude Include="src\PlatForm\WindowsWindow.h">
      <Filter>PlatForm</Filter>
    </ClInclude>
    <ClInclude Include="src\SandTable.h" />
    <ClInclude Include="src\SandTable\Core\Application.h">
      <Filter>SandTable\Core</Filter>
    </ClInclude>
    <ClInclude Include="src\SandTable\Core\Core.h">
      <Filter>SandTable\Core</Filter>
    </ClInclude>
    <ClInclude Include="src\SandTable\Core\EntryPoint.h">
      <Filter>SandTable\Core</Filter>
    </ClInclude>
    <ClInclude Include="src\SandTable\Core\KeyCode.h">
      <Filter>SandTable\Core</Filter>
    </ClInclude>
    <ClInclude Include="src\SandTable\Core\Layer.h">
      <Filter>SandTable\Core</Filter>
    </ClInclude>
    <ClInclude Include="src\SandTable\Core\LayerStack.h">
      <Filter>SandTable\Core</Filter>
    </ClInclude>
    <ClInclude Include="src\SandTable\Core\Logger.h">
      <Filter>SandTable\Core</Filter>
    </ClInclude>
    <ClInclude Include="src\SandTable\Core\MouseCode.h">
      <Filter>SandTable\Core</Filter>
    </ClInclude>
    <ClInclude Include="src\SandTable\Core\Window.h">
      <Filter>SandTable\Core</Filter>
    </ClInclude>
    <ClInclude Include="src\SandTable\Events\ApplicationEvent.h">
      <Filter>SandTable\Events</Filter>
    </ClInclude>
    <ClInclude Include="src\SandTable\Events\Event.h">
      <Filter>SandTable\Events</Filter>
    </ClInclude>
    <ClInclude Include="src\SandTable\Events\KeyEvent.h">
      <Filter>SandTable\Events</Filter>
    </ClInclude>
    <ClInclude Include="src\SandTable\Events\MouseEvent.h">
      <Filter>SandTable\Events</Filter>
    </ClInclude>
    <ClInclude Include="src\pch.h" />
  </ItemGroup>
  <ItemGroup>
    <ClCompile Include="src\PlatForm\WindowsWindow.cpp">
      <Filter>PlatForm</Filter>
    </ClCompile>
    <ClCompile Include="src\SandTable\Core\Application.cpp">
      <Filter>SandTable\Core</Filter>
    </ClCompile>
    <ClCompile Include="src\SandTable\Core\Layer.cpp">
      <Filter>SandTable\Core</Filter>
    </ClCompile>
    <ClCompile Include="src\SandTable\Core\LayerStack.cpp">
      <Filter>SandTable\Core</Filter>
    </ClCompile>
    <ClCompile Include="src\SandTable\Core\Logger.cpp">
      <Filter>SandTable\Core</Filter>
    </ClCompile>
    <ClCompile Include="src\SandTable\Events\ApplicationEvent.cpp">
      <Filter>SandTable\Events</Filter>
    </ClCompile>
    <ClCompile Include="src\SandTable\Events\KeyEvent.cpp">
      <Filter>SandTable\Events</Filter>
    </ClCompile>
    <ClCompile Include="src\SandTable\Events\MouseEvent.cpp">
      <Filter>SandTable\Events</Filter>
    </ClCompile>
    <ClCompile Include="src\pch.cpp" />
  </ItemGroup>
</Project>